STORAGE: NONE
RESTRICTION: == net10.0
NUGET
  remote: https://api.nuget.org/v3/index.json
    Fable.AST (4.5)
    Fable.Browser.Blob (1.3)
      Fable.Core (>= 3.0)
      FSharp.Core (>= 4.7.2)
    Fable.Browser.Dom (2.16)
      Fable.Browser.Blob (>= 1.3)
      Fable.Browser.Event (>= 1.5)
      Fable.Browser.WebStorage (>= 1.2)
      Fable.Core (>= 3.2.8)
      FSharp.Core (>= 4.7.2)
    Fable.Browser.Event (1.5)
      Fable.Browser.Gamepad (>= 1.1)
      Fable.Core (>= 3.0)
      FSharp.Core (>= 4.7.2)
    Fable.Browser.Gamepad (1.2)
      Fable.Core (>= 3.0)
      FSharp.Core (>= 4.7.2)
    Fable.Browser.WebStorage (1.2)
      Fable.Browser.Event (>= 1.5)
      Fable.Core (>= 3.0)
      FSharp.Core (>= 4.7.2)
    Fable.Browser.XMLHttpRequest (1.3)
      Fable.Browser.Blob (>= 1.3)
      Fable.Browser.Event (>= 1.5)
      Fable.Core (>= 3.0)
      FSharp.Core (>= 4.7.2)
    Fable.Core (4.5)
    Fable.Elmish (4.1)
      Fable.Core (>= 3.7.1)
      FSharp.Core (>= 4.7.2)
    Fable.Parsimmon (4.1)
      Fable.Core (>= 3.0)
      FSharp.Core (>= 4.6.2)
    Fable.React (9.4)
      Fable.React.Types (>= 18.3)
      Fable.ReactDom.Types (>= 18.2)
      FSharp.Core (>= 4.7.2)
    Fable.React.Types (18.4)
      Fable.Browser.Dom (>= 2.4.4)
      Fable.Core (>= 3.2.7)
      FSharp.Core (>= 4.7.2)
    Fable.ReactDom.Types (18.2)
      Fable.React.Types (>= 18.3)
      FSharp.Core (>= 4.7.2)
    Fable.SimpleHttp (3.6)
      Fable.Browser.Dom (>= 1.0)
      Fable.Browser.XMLHttpRequest (>= 1.1)
      Fable.Core (>= 3.0)
      FSharp.Core (>= 4.6.2)
    Fable.SimpleJson (3.24)
      Fable.Core (>= 3.1.5)
      Fable.Parsimmon (>= 4.0)
      FSharp.Core (>= 4.7)
    Feliz (2.9)
      Fable.ReactDom.Types (>= 18.2)
      Feliz.CompilerPlugins (>= 2.2)
      FSharp.Core (>= 4.7.2)
    Feliz.CompilerPlugins (2.2)
      Fable.AST (>= 4.2.1)
      FSharp.Core (>= 4.7.2)
    Feliz.Router (4.0)
      Fable.Elmish (>= 4.0)
      Feliz (>= 2.3)
      FSharp.Core (>= 4.7.2)
    Feliz.UseElmish (2.5)
      Fable.Elmish (>= 4.0)
      FSharp.Core (>= 4.7.2)
    FSharp.Core (10.1.301)
    FsToolkit.ErrorHandling (5.2)
      FSharp.Core (>= 9.0.300)
    FsToolkit.ErrorHandling.TaskResult (4.18)
      FsToolkit.ErrorHandling (>= 4.18)

GROUP Build
STORAGE: NONE
RESTRICTION: == net10.0
NUGET
  remote: https://api.nuget.org/v3/index.json
    BlackFox.VsWhere (1.1)
      FSharp.Core (>= 4.2.3)
      Microsoft.Win32.Registry (>= 4.7)
    Fake.Core.CommandLineParsing (6.1.4)
      FParsec (>= 1.1.1)
      FSharp.Core (>= 8.0.400)
    Fake.Core.Context (6.1.4)
      FSharp.Core (>= 8.0.400)
    Fake.Core.Environment (6.1.4)
      FSharp.Core (>= 8.0.400)
    Fake.Core.FakeVar (6.1.4)
      Fake.Core.Context (>= 6.1.4)
      FSharp.Core (>= 8.0.400)
    Fake.Core.Process (6.1.4)
      Fake.Core.Environment (>= 6.1.4)
      Fake.Core.FakeVar (>= 6.1.4)
      Fake.Core.String (>= 6.1.4)
      Fake.Core.Trace (>= 6.1.4)
      Fake.IO.FileSystem (>= 6.1.4)
      FSharp.Core (>= 8.0.400)
      System.Collections.Immutable (>= 8.0)
    Fake.Core.SemVer (6.1.4)
      FSharp.Core (>= 8.0.400)
    Fake.Core.String (6.1.4)
      FSharp.Core (>= 8.0.400)
    Fake.Core.Target (6.1.4)
      Fake.Core.CommandLineParsing (>= 6.1.4)
      Fake.Core.Context (>= 6.1.4)
      Fake.Core.Environment (>= 6.1.4)
      Fake.Core.FakeVar (>= 6.1.4)
      Fake.Core.Process (>= 6.1.4)
      Fake.Core.String (>= 6.1.4)
      Fake.Core.Trace (>= 6.1.4)
      FSharp.Control.Reactive (>= 5.0.2)
      FSharp.Core (>= 8.0.400)
    Fake.Core.Tasks (6.1.4)
      Fake.Core.Trace (>= 6.1.4)
      FSharp.Core (>= 8.0.400)
    Fake.Core.Trace (6.1.4)
      Fake.Core.Environment (>= 6.1.4)
      Fake.Core.FakeVar (>= 6.1.4)
      FSharp.Core (>= 8.0.400)
    Fake.Core.Xml (6.1.4)
      Fake.Core.String (>= 6.1.4)
      FSharp.Core (>= 8.0.400)
    Fake.DotNet.Cli (6.1.4)
      Fake.Core.Environment (>= 6.1.4)
      Fake.Core.Process (>= 6.1.4)
      Fake.Core.String (>= 6.1.4)
      Fake.Core.Trace (>= 6.1.4)
      Fake.DotNet.MSBuild (>= 6.1.4)
      Fake.DotNet.NuGet (>= 6.1.4)
      Fake.IO.FileSystem (>= 6.1.4)
      FSharp.Core (>= 8.0.400)
      Mono.Posix.NETStandard (>= 1.0)
    Fake.DotNet.MSBuild (6.1.4)
      BlackFox.VsWhere (>= 1.1)
      Fake.Core.Environment (>= 6.1.4)
      Fake.Core.Process (>= 6.1.4)
      Fake.Core.String (>= 6.1.4)
      Fake.Core.Trace (>= 6.1.4)
      Fake.IO.FileSystem (>= 6.1.4)
      FSharp.Core (>= 8.0.400)
      MSBuild.StructuredLogger (>= 2.1.815)
    Fake.DotNet.NuGet (6.1.4)
      Fake.Core.Environment (>= 6.1.4)
      Fake.Core.Process (>= 6.1.4)
      Fake.Core.SemVer (>= 6.1.4)
      Fake.Core.String (>= 6.1.4)
      Fake.Core.Tasks (>= 6.1.4)
      Fake.Core.Trace (>= 6.1.4)
      Fake.Core.Xml (>= 6.1.4)
      Fake.IO.FileSystem (>= 6.1.4)
      Fake.Net.Http (>= 6.1.4)
      FSharp.Core (>= 8.0.400)
      Newtonsoft.Json (>= 13.0.3)
      NuGet.Protocol (>= 6.12.4)
    Fake.IO.FileSystem (6.1.4)
      Fake.Core.String (>= 6.1.4)
      Fake.Core.Trace (>= 6.1.4)
      FSharp.Core (>= 8.0.400)
    Fake.Net.Http (6.1.4)
      Fake.Core.Trace (>= 6.1.4)
      FSharp.Core (>= 8.0.400)
    FParsec (1.1.1)
      FSharp.Core (>= 4.3.4)
    FSharp.Control.Reactive (5.0.5)
      FSharp.Core (>= 4.7.2)
      System.Reactive (>= 5.0 < 6.0)
    FSharp.Core (10.1.301)
    Microsoft.Build.Framework (17.8.3)
    Microsoft.Build.Utilities.Core (17.8.3)
      Microsoft.Build.Framework (>= 17.8.3)
      Microsoft.NET.StringTools (>= 17.8.3)
      Microsoft.VisualStudio.Setup.Configuration.Interop (>= 3.2.2146)
      System.Collections.Immutable (>= 7.0)
      System.Configuration.ConfigurationManager (>= 7.0)
    Microsoft.NET.StringTools (17.8.3)
    Microsoft.VisualStudio.Setup.Configuration.Interop (3.8.2112)
    Microsoft.Win32.Registry (5.0)
      System.Security.AccessControl (>= 5.0)
      System.Security.Principal.Windows (>= 5.0)
    Mono.Posix.NETStandard (1.0)
    MSBuild.StructuredLogger (2.2.169)
      Microsoft.Build.Framework (>= 17.5)
      Microsoft.Build.Utilities.Core (>= 17.5)
    Newtonsoft.Json (13.0.3)
    NuGet.Common (7.6)
      NuGet.Frameworks (>= 7.6)
    NuGet.Configuration (7.6)
      NuGet.Common (>= 7.6)
      System.Security.Cryptography.ProtectedData (>= 8.0)
    NuGet.Frameworks (7.6)
    NuGet.Packaging (7.6)
      Newtonsoft.Json (>= 13.0.3)
      NuGet.Configuration (>= 7.6)
      NuGet.Versioning (>= 7.6)
      System.Security.Cryptography.Pkcs (>= 8.0.1)
    NuGet.Protocol (7.6)
      NuGet.Packaging (>= 7.6)
    NuGet.Versioning (7.6)
    SpotifyAPI.Web (7.4.2)
      Newtonsoft.Json (>= 13.0.3)
    System.Collections.Immutable (8.0)
    System.Configuration.ConfigurationManager (8.0)
      System.Diagnostics.EventLog (>= 8.0)
      System.Security.Cryptography.ProtectedData (>= 8.0)
    System.Diagnostics.EventLog (8.0)
    System.Reactive (5.0)
    System.Security.AccessControl (6.0)
    System.Security.Cryptography.Pkcs (10.0.9)
    System.Security.Cryptography.ProtectedData (8.0)
    System.Security.Principal.Windows (5.0)
